{
  "nodes": {
    "home-manager": {
      "locked": {
        "lastModified": 1648751066,
        "narHash": "sha256-pYUSID9rSgYnl4PNa45/haCaHUKzY+Ul0fkqqSGflxs=",
        "owner": "nix-community",
        "repo": "home-manager",
        "rev": "cf62e96bf7c72e6a88e0bd43165110f42e44cdb4",
        "type": "github"
      },
      "inputs": {
        "nixpkgs": [
          "nixpkgs"
        ]
      },
      "locked": {
        "lastModified": 1740344845,
        "narHash": "sha256-5D9LkYjXu+jbdgzpr+jL5HTcH7ONMz6FChH1Nwudn48=",
        "owner": "nix-community",
        "repo": "home-manager",
        "rev": "6a2af4ffb26f812c353415c7316dff0a8b52b525",
        "type": "github"
      },
      "original": {
        "owner": "nix-community",
        "repo": "home-manager",
        "type": "github"
      }
    },
    "nixpkgs": {
      "locked": {
        "lastModified": 1740126099,
        "narHash": "sha256-ozoOtE2hGsqh4XkTJFsrTkNxkRgShxpQxDynaPZUGxk=",
        "owner": "nixos",
        "repo": "nixpkgs",
        "rev": "32fb99ba93fea2798be0e997ea331dd78167f814",
        "type": "github"
      },
      "original": {
        "owner": "nixos",
        "ref": "nixos-unstable",
        "repo": "nixpkgs",
        "type": "github"
      }
    },
    "root": {
      "inputs": {
        "home-manager": "home-manager",
        "nixpkgs": "nixpkgs"
      }
    }
  },
  "root": "root",
  "version": 7
}
